PODS:
  - Alamofire (5.0.2)
  - DeepDiff (2.3.1)
  - Google-Maps-iOS-Utils (3.0.2):
    - Google-Maps-iOS-Utils/Clustering (= 3.0.2)
    - Google-Maps-iOS-Utils/Geometry (= 3.0.2)
    - Google-Maps-iOS-Utils/Heatmap (= 3.0.2)
    - Google-Maps-iOS-Utils/QuadTree (= 3.0.2)
    - GoogleMaps
  - Google-Maps-iOS-Utils/Clustering (3.0.2):
    - Google-Maps-iOS-Utils/QuadTree
    - GoogleMaps
  - Google-Maps-iOS-Utils/Geometry (3.0.2):
    - GoogleMaps
  - Google-Maps-iOS-Utils/Heatmap (3.0.2):
    - Google-Maps-iOS-Utils/QuadTree
    - GoogleMaps
  - Google-Maps-iOS-Utils/QuadTree (3.0.2):
    - GoogleMaps
  - GoogleMaps (3.8.0):
    - GoogleMaps/Maps (= 3.8.0)
  - GoogleMaps/Base (3.8.0)
  - GoogleMaps/Maps (3.8.0):
    - GoogleMaps/Base
  - GooglePlaces (3.8.0):
    - GoogleMaps/Base (= 3.8.0)
  - HydraAsync (1.2.1)
  - Katana (3.1.0):
    - HydraAsync (~> 1.2)
  - PinLayout (1.8.13)
  - PromiseKit (6.13.1):
    - PromiseKit/CorePromise (= 6.13.1)
    - PromiseKit/Foundation (= 6.13.1)
    - PromiseKit/UIKit (= 6.13.1)
  - PromiseKit/CorePromise (6.13.1)
  - PromiseKit/Foundation (6.13.1):
    - PromiseKit/CorePromise
  - PromiseKit/UIKit (6.13.1):
    - PromiseKit/CorePromise
  - SwiftyJSON (5.0.0)
  - Tempura (4.3.0):
    - Katana (< 4, >= 3.0)
  - WARangeSlider (1.1.1)

DEPENDENCIES:
  - Alamofire
  - DeepDiff
  - Google-Maps-iOS-Utils
  - GoogleMaps
  - GooglePlaces
  - Katana
  - PinLayout
  - PromiseKit
  - SwiftyJSON
  - Tempura
  - WARangeSlider

SPEC REPOS:
  https://github.com/CocoaPods/Specs.git:
    - Alamofire
    - DeepDiff
    - GoogleMaps
    - GooglePlaces
    - HydraAsync
    - Katana
    - PinLayout
    - PromiseKit
    - SwiftyJSON
    - Tempura
  trunk:
    - Google-Maps-iOS-Utils
    - WARangeSlider

SPEC CHECKSUMS:
  Alamofire: 3ba7a4db18b4f62c4a1c0e1cb39d7f3d52e10ada
  DeepDiff: e5ae6c50d0321568e4508cec5930b9f10bb293fc
  Google-Maps-iOS-Utils: bfc24e492f3a88a2dffec1b6e0a5bd86fc49486f
  GoogleMaps: 7c8d66d70e4e8c300f43a7219d8fdaad7b325a9a
  GooglePlaces: d5f70c3e9e427964fdeca1301a665d276ccd8754
  HydraAsync: 8f2ab62d57e140b4ca587ae0f66e1eb04e8e6965
  Katana: caa2adb661a386f9a993a15845841dc2c9b083aa
  PinLayout: e41a50260a76508b7a7fcee8955c76639adc69bc
  PromiseKit: 28fda91c973cc377875d8c0ea4f973013c05b6db
  SwiftyJSON: 36413e04c44ee145039d332b4f4e2d3e8d6c4db7
  Tempura: d38c2d982864d9dbca6b11a519e8b00024d04abd
  WARangeSlider: 54b3e0853b8d16c444fd539005901aecee86837d

PODFILE CHECKSUM: 8c09a96212036aa25f45802a874e39bb11ca77ad

COCOAPODS: 1.8.4
