// !$*UTF8*$!
{
	archiveVersion = 1;
	classes = {
	};
	objectVersion = 50;
	objects = {

/* Begin PBXBuildFile section */
		7B5038A823A8CD5700F18840 /* AppDelegate.swift in Sources */ = {isa = PBXBuildFile; fileRef = 7B5038A723A8CD5700F18840 /* AppDelegate.swift */; };
		7B5038AA23A8CD5700F18840 /* SceneDelegate.swift in Sources */ = {isa = PBXBuildFile; fileRef = 7B5038A923A8CD5700F18840 /* SceneDelegate.swift */; };
		7B5038AC23A8CD5700F18840 /* ContentView.swift in Sources */ = {isa = PBXBuildFile; fileRef = 7B5038AB23A8CD5700F18840 /* ContentView.swift */; };
		7B5038AE23A8CD5800F18840 /* Assets.xcassets in Resources */ = {isa = PBXBuildFile; fileRef = 7B5038AD23A8CD5800F18840 /* Assets.xcassets */; };
		7B5038B123A8CD5800F18840 /* Preview Assets.xcassets in Resources */ = {isa = PBXBuildFile; fileRef = 7B5038B023A8CD5800F18840 /* Preview Assets.xcassets */; };
		7B5038B423A8CD5800F18840 /* LaunchScreen.storyboard in Resources */ = {isa = PBXBuildFile; fileRef = 7B5038B223A8CD5800F18840 /* LaunchScreen.storyboard */; };
		7B5038BF23A8CD5800F18840 /* Disaster_MonitorTests.swift in Sources */ = {isa = PBXBuildFile; fileRef = 7B5038BE23A8CD5800F18840 /* Disaster_MonitorTests.swift */; };
		7B5038CA23A8CD5800F18840 /* Disaster_MonitorUITests.swift in Sources */ = {isa = PBXBuildFile; fileRef = 7B5038C923A8CD5800F18840 /* Disaster_MonitorUITests.swift */; };
/* End PBXBuildFile section */

/* Begin PBXContainerItemProxy section */
		7B5038BB23A8CD5800F18840 /* PBXContainerItemProxy */ = {
			isa = PBXContainerItemProxy;
			containerPortal = 7B50389C23A8CD5700F18840 /* Project object */;
			proxyType = 1;
			remoteGlobalIDString = 7B5038A323A8CD5700F18840;
			remoteInfo = "Disaster Monitor";
		};
		7B5038C623A8CD5800F18840 /* PBXContainerItemProxy */ = {
			isa = PBXContainerItemProxy;
			containerPortal = 7B50389C23A8CD5700F18840 /* Project object */;
			proxyType = 1;
			remoteGlobalIDString = 7B5038A323A8CD5700F18840;
			remoteInfo = "Disaster Monitor";
		};
/* End PBXContainerItemProxy section */

/* Begin PBXFileReference section */
		7B5038A423A8CD5700F18840 /* Disaster Monitor.app */ = {isa = PBXFileReference; explicitFileType = wrapper.application; includeInIndex = 0; path = "Disaster Monitor.app"; sourceTree = BUILT_PRODUCTS_DIR; };
		7B5038A723A8CD5700F18840 /* AppDelegate.swift */ = {isa = PBXFileReference; lastKnownFileType = sourcecode.swift; path = AppDelegate.swift; sourceTree = "<group>"; };
		7B5038A923A8CD5700F18840 /* SceneDelegate.swift */ = {isa = PBXFileReference; lastKnownFileType = sourcecode.swift; path = SceneDelegate.swift; sourceTree = "<group>"; };
		7B5038AB23A8CD5700F18840 /* ContentView.swift */ = {isa = PBXFileReference; lastKnownFileType = sourcecode.swift; path = ContentView.swift; sourceTree = "<group>"; };
		7B5038AD23A8CD5800F18840 /* Assets.xcassets */ = {isa = PBXFileReference; lastKnownFileType = folder.assetcatalog; path = Assets.xcassets; sourceTree = "<group>"; };
		7B5038B023A8CD5800F18840 /* Preview Assets.xcassets */ = {isa = PBXFileReference; lastKnownFileType = folder.assetcatalog; path = "Preview Assets.xcassets"; sourceTree = "<group>"; };
		7B5038B323A8CD5800F18840 /* Base */ = {isa = PBXFileReference; lastKnownFileType = file.storyboard; name = Base; path = Base.lproj/LaunchScreen.storyboard; sourceTree = "<group>"; };
		7B5038B523A8CD5800F18840 /* Info.plist */ = {isa = PBXFileReference; lastKnownFileType = text.plist.xml; path = Info.plist; sourceTree = "<group>"; };
		7B5038BA23A8CD5800F18840 /* Disaster MonitorTests.xctest */ = {isa = PBXFileReference; explicitFileType = wrapper.cfbundle; includeInIndex = 0; path = "Disaster MonitorTests.xctest"; sourceTree = BUILT_PRODUCTS_DIR; };
		7B5038BE23A8CD5800F18840 /* Disaster_MonitorTests.swift */ = {isa = PBXFileReference; lastKnownFileType = sourcecode.swift; path = Disaster_MonitorTests.swift; sourceTree = "<group>"; };
		7B5038C023A8CD5800F18840 /* Info.plist */ = {isa = PBXFileReference; lastKnownFileType = text.plist.xml; path = Info.plist; sourceTree = "<group>"; };
		7B5038C523A8CD5800F18840 /* Disaster MonitorUITests.xctest */ = {isa = PBXFileReference; explicitFileType = wrapper.cfbundle; includeInIndex = 0; path = "Disaster MonitorUITests.xctest"; sourceTree = BUILT_PRODUCTS_DIR; };
		7B5038C923A8CD5800F18840 /* Disaster_MonitorUITests.swift */ = {isa = PBXFileReference; lastKnownFileType = sourcecode.swift; path = Disaster_MonitorUITests.swift; sourceTree = "<group>"; };
		7B5038CB23A8CD5800F18840 /* Info.plist */ = {isa = PBXFileReference; lastKnownFileType = text.plist.xml; path = Info.plist; sourceTree = "<group>"; };
/* End PBXFileReference section */

/* Begin PBXFrameworksBuildPhase section */
		7B5038A123A8CD5700F18840 /* Frameworks */ = {
			isa = PBXFrameworksBuildPhase;
			buildActionMask = 2147483647;
			files = (
			);
			runOnlyForDeploymentPostprocessing = 0;
		};
		7B5038B723A8CD5800F18840 /* Frameworks */ = {
			isa = PBXFrameworksBuildPhase;
			buildActionMask = 2147483647;
			files = (
			);
			runOnlyForDeploymentPostprocessing = 0;
		};
		7B5038C223A8CD5800F18840 /* Frameworks */ = {
			isa = PBXFrameworksBuildPhase;
			buildActionMask = 2147483647;
			files = (
			);
			runOnlyForDeploymentPostprocessing = 0;
		};
/* End PBXFrameworksBuildPhase section */

/* Begin PBXGroup section */
		7B50389B23A8CD5700F18840 = {
			isa = PBXGroup;
			children = (
				7B5038A623A8CD5700F18840 /* Disaster Monitor */,
				7B5038BD23A8CD5800F18840 /* Disaster MonitorTests */,
				7B5038C823A8CD5800F18840 /* Disaster MonitorUITests */,
				7B5038A523A8CD5700F18840 /* Products */,
			);
			sourceTree = "<group>";
		};
		7B5038A523A8CD5700F18840 /* Products */ = {
			isa = PBXGroup;
			children = (
				7B5038A423A8CD5700F18840 /* Disaster Monitor.app */,
				7B5038BA23A8CD5800F18840 /* Disaster MonitorTests.xctest */,
				7B5038C523A8CD5800F18840 /* Disaster MonitorUITests.xctest */,
			);
			name = Products;
			sourceTree = "<group>";
		};
		7B5038A623A8CD5700F18840 /* Disaster Monitor */ = {
			isa = PBXGroup;
			children = (
				7B5038A723A8CD5700F18840 /* AppDelegate.swift */,
				7B5038A923A8CD5700F18840 /* SceneDelegate.swift */,
				7B5038AB23A8CD5700F18840 /* ContentView.swift */,
				7B5038AD23A8CD5800F18840 /* Assets.xcassets */,
				7B5038B223A8CD5800F18840 /* LaunchScreen.storyboard */,
				7B5038B523A8CD5800F18840 /* Info.plist */,
				7B5038AF23A8CD5800F18840 /* Preview Content */,
			);
			path = "Disaster Monitor";
			sourceTree = "<group>";
		};
		7B5038AF23A8CD5800F18840 /* Preview Content */ = {
			isa = PBXGroup;
			children = (
				7B5038B023A8CD5800F18840 /* Preview Assets.xcassets */,
			);
			path = "Preview Content";
			sourceTree = "<group>";
		};
		7B5038BD23A8CD5800F18840 /* Disaster MonitorTests */ = {
			isa = PBXGroup;
			children = (
				7B5038BE23A8CD5800F18840 /* Disaster_MonitorTests.swift */,
				7B5038C023A8CD5800F18840 /* Info.plist */,
			);
			path = "Disaster MonitorTests";
			sourceTree = "<group>";
		};
		7B5038C823A8CD5800F18840 /* Disaster MonitorUITests */ = {
			isa = PBXGroup;
			children = (
				7B5038C923A8CD5800F18840 /* Disaster_MonitorUITests.swift */,
				7B5038CB23A8CD5800F18840 /* Info.plist */,
			);
			path = "Disaster MonitorUITests";
			sourceTree = "<group>";
		};
/* End PBXGroup section */

/* Begin PBXNativeTarget section */
		7B5038A323A8CD5700F18840 /* Disaster Monitor */ = {
			isa = PBXNativeTarget;
			buildConfigurationList = 7B5038CE23A8CD5800F18840 /* Build configuration list for PBXNativeTarget "Disaster Monitor" */;
			buildPhases = (
				7B5038A023A8CD5700F18840 /* Sources */,
				7B5038A123A8CD5700F18840 /* Frameworks */,
				7B5038A223A8CD5700F18840 /* Resources */,
			);
			buildRules = (
			);
			dependencies = (
			);
			name = "Disaster Monitor";
			productName = "Disaster Monitor";
			productReference = 7B5038A423A8CD5700F18840 /* Disaster Monitor.app */;
			productType = "com.apple.product-type.application";
		};
		7B5038B923A8CD5800F18840 /* Disaster MonitorTests */ = {
			isa = PBXNativeTarget;
			buildConfigurationList = 7B5038D123A8CD5800F18840 /* Build configuration list for PBXNativeTarget "Disaster MonitorTests" */;
			buildPhases = (
				7B5038B623A8CD5800F18840 /* Sources */,
				7B5038B723A8CD5800F18840 /* Frameworks */,
				7B5038B823A8CD5800F18840 /* Resources */,
			);
			buildRules = (
			);
			dependencies = (
				7B5038BC23A8CD5800F18840 /* PBXTargetDependency */,
			);
			name = "Disaster MonitorTests";
			productName = "Disaster MonitorTests";
			productReference = 7B5038BA23A8CD5800F18840 /* Disaster MonitorTests.xctest */;
			productType = "com.apple.product-type.bundle.unit-test";
		};
		7B5038C423A8CD5800F18840 /* Disaster MonitorUITests */ = {
			isa = PBXNativeTarget;
			buildConfigurationList = 7B5038D423A8CD5800F18840 /* Build configuration list for PBXNativeTarget "Disaster MonitorUITests" */;
			buildPhases = (
				7B5038C123A8CD5800F18840 /* Sources */,
				7B5038C223A8CD5800F18840 /* Frameworks */,
				7B5038C323A8CD5800F18840 /* Resources */,
			);
			buildRules = (
			);
			dependencies = (
				7B5038C723A8CD5800F18840 /* PBXTargetDependency */,
			);
			name = "Disaster MonitorUITests";
			productName = "Disaster MonitorUITests";
			productReference = 7B5038C523A8CD5800F18840 /* Disaster MonitorUITests.xctest */;
			productType = "com.apple.product-type.bundle.ui-testing";
		};
/* End PBXNativeTarget section */

/* Begin PBXProject section */
		7B50389C23A8CD5700F18840 /* Project object */ = {
			isa = PBXProject;
			attributes = {
				LastSwiftUpdateCheck = 1120;
				LastUpgradeCheck = 1120;
				ORGANIZATIONNAME = "Stefano Martina";
				TargetAttributes = {
					7B5038A323A8CD5700F18840 = {
						CreatedOnToolsVersion = 11.2;
					};
					7B5038B923A8CD5800F18840 = {
						CreatedOnToolsVersion = 11.2;
						TestTargetID = 7B5038A323A8CD5700F18840;
					};
					7B5038C423A8CD5800F18840 = {
						CreatedOnToolsVersion = 11.2;
						TestTargetID = 7B5038A323A8CD5700F18840;
					};
				};
			};
			buildConfigurationList = 7B50389F23A8CD5700F18840 /* Build configuration list for PBXProject "Disaster Monitor" */;
			compatibilityVersion = "Xcode 9.3";
			developmentRegion = en;
			hasScannedForEncodings = 0;
			knownRegions = (
				en,
				Base,
			);
			mainGroup = 7B50389B23A8CD5700F18840;
			productRefGroup = 7B5038A523A8CD5700F18840 /* Products */;
			projectDirPath = "";
			projectRoot = "";
			targets = (
				7B5038A323A8CD5700F18840 /* Disaster Monitor */,
				7B5038B923A8CD5800F18840 /* Disaster MonitorTests */,
				7B5038C423A8CD5800F18840 /* Disaster MonitorUITests */,
			);
		};
/* End PBXProject section */

/* Begin PBXResourcesBuildPhase section */
		7B5038A223A8CD5700F18840 /* Resources */ = {
			isa = PBXResourcesBuildPhase;
			buildActionMask = 2147483647;
			files = (
				7B5038B423A8CD5800F18840 /* LaunchScreen.storyboard in Resources */,
				7B5038B123A8CD5800F18840 /* Preview Assets.xcassets in Resources */,
				7B5038AE23A8CD5800F18840 /* Assets.xcassets in Resources */,
			);
			runOnlyForDeploymentPostprocessing = 0;
		};
		7B5038B823A8CD5800F18840 /* Resources */ = {
			isa = PBXResourcesBuildPhase;
			buildActionMask = 2147483647;
			files = (
			);
			runOnlyForDeploymentPostprocessing = 0;
		};
		7B5038C323A8CD5800F18840 /* Resources */ = {
			isa = PBXResourcesBuildPhase;
			buildActionMask = 2147483647;
			files = (
			);
			runOnlyForDeploymentPostprocessing = 0;
		};
/* End PBXResourcesBuildPhase section */

/* Begin PBXSourcesBuildPhase section */
		7B5038A023A8CD5700F18840 /* Sources */ = {
			isa = PBXSourcesBuildPhase;
			buildActionMask = 2147483647;
			files = (
				7B5038A823A8CD5700F18840 /* AppDelegate.swift in Sources */,
				7B5038AA23A8CD5700F18840 /* SceneDelegate.swift in Sources */,
				7B5038AC23A8CD5700F18840 /* ContentView.swift in Sources */,
			);
			runOnlyForDeploymentPostprocessing = 0;
		};
		7B5038B623A8CD5800F18840 /* Sources */ = {
			isa = PBXSourcesBuildPhase;
			buildActionMask = 2147483647;
			files = (
				7B5038BF23A8CD5800F18840 /* Disaster_MonitorTests.swift in Sources */,
			);
			runOnlyForDeploymentPostprocessing = 0;
		};
		7B5038C123A8CD5800F18840 /* Sources */ = {
			isa = PBXSourcesBuildPhase;
			buildActionMask = 2147483647;
			files = (
				7B5038CA23A8CD5800F18840 /* Disaster_MonitorUITests.swift in Sources */,
			);
			runOnlyForDeploymentPostprocessing = 0;
		};
/* End PBXSourcesBuildPhase section */

/* Begin PBXTargetDependency section */
		7B5038BC23A8CD5800F18840 /* PBXTargetDependency */ = {
			isa = PBXTargetDependency;
			target = 7B5038A323A8CD5700F18840 /* Disaster Monitor */;
			targetProxy = 7B5038BB23A8CD5800F18840 /* PBXContainerItemProxy */;
		};
		7B5038C723A8CD5800F18840 /* PBXTargetDependency */ = {
			isa = PBXTargetDependency;
			target = 7B5038A323A8CD5700F18840 /* Disaster Monitor */;
			targetProxy = 7B5038C623A8CD5800F18840 /* PBXContainerItemProxy */;
		};
/* End PBXTargetDependency section */

/* Begin PBXVariantGroup section */
		7B5038B223A8CD5800F18840 /* LaunchScreen.storyboard */ = {
			isa = PBXVariantGroup;
			children = (
				7B5038B323A8CD5800F18840 /* Base */,
			);
			name = LaunchScreen.storyboard;
			sourceTree = "<group>";
		};
/* End PBXVariantGroup section */

/* Begin XCBuildConfiguration section */
		7B5038CC23A8CD5800F18840 /* Debug */ = {
			isa = XCBuildConfiguration;
			buildSettings = {
				ALWAYS_SEARCH_USER_PATHS = NO;
				CLANG_ANALYZER_NONNULL = YES;
				CLANG_ANALYZER_NUMBER_OBJECT_CONVERSION = YES_AGGRESSIVE;
				CLANG_CXX_LANGUAGE_STANDARD = "gnu++14";
				CLANG_CXX_LIBRARY = "libc++";
				CLANG_ENABLE_MODULES = YES;
				CLANG_ENABLE_OBJC_ARC = YES;
				CLANG_ENABLE_OBJC_WEAK = YES;
				CLANG_WARN_BLOCK_CAPTURE_AUTORELEASING = YES;
				CLANG_WARN_BOOL_CONVERSION = YES;
				CLANG_WARN_COMMA = YES;
				CLANG_WARN_CONSTANT_CONVERSION = YES;
				CLANG_WARN_DEPRECATED_OBJC_IMPLEMENTATIONS = YES;
				CLANG_WARN_DIRECT_OBJC_ISA_USAGE = YES_ERROR;
				CLANG_WARN_DOCUMENTATION_COMMENTS = YES;
				CLANG_WARN_EMPTY_BODY = YES;
				CLANG_WARN_ENUM_CONVERSION = YES;
				CLANG_WARN_INFINITE_RECURSION = YES;
				CLANG_WARN_INT_CONVERSION = YES;
				CLANG_WARN_NON_LITERAL_NULL_CONVERSION = YES;
				CLANG_WARN_OBJC_IMPLICIT_RETAIN_SELF = YES;
				CLANG_WARN_OBJC_LITERAL_CONVERSION = YES;
				CLANG_WARN_OBJC_ROOT_CLASS = YES_ERROR;
				CLANG_WARN_RANGE_LOOP_ANALYSIS = YES;
				CLANG_WARN_STRICT_PROTOTYPES = YES;
				CLANG_WARN_SUSPICIOUS_MOVE = YES;
				CLANG_WARN_UNGUARDED_AVAILABILITY = YES_AGGRESSIVE;
				CLANG_WARN_UNREACHABLE_CODE = YES;
				CLANG_WARN__DUPLICATE_METHOD_MATCH = YES;
				COPY_PHASE_STRIP = NO;
				DEBUG_INFORMATION_FORMAT = dwarf;
				ENABLE_STRICT_OBJC_MSGSEND = YES;
				ENABLE_TESTABILITY = YES;
				GCC_C_LANGUAGE_STANDARD = gnu11;
				GCC_DYNAMIC_NO_PIC = NO;
				GCC_NO_COMMON_BLOCKS = YES;
				GCC_OPTIMIZATION_LEVEL = 0;
				GCC_PREPROCESSOR_DEFINITIONS = (
					"DEBUG=1",
					"$(inherited)",
				);
				GCC_WARN_64_TO_32_BIT_CONVERSION = YES;
				GCC_WARN_ABOUT_RETURN_TYPE = YES_ERROR;
				GCC_WARN_UNDECLARED_SELECTOR = YES;
				GCC_WARN_UNINITIALIZED_AUTOS = YES_AGGRESSIVE;
				GCC_WARN_UNUSED_FUNCTION = YES;
				GCC_WARN_UNUSED_VARIABLE = YES;
				IPHONEOS_DEPLOYMENT_TARGET = 13.2;
				MTL_ENABLE_DEBUG_INFO = INCLUDE_SOURCE;
				MTL_FAST_MATH = YES;
				ONLY_ACTIVE_ARCH = YES;
				SDKROOT = iphoneos;
				SWIFT_ACTIVE_COMPILATION_CONDITIONS = DEBUG;
				SWIFT_OPTIMIZATION_LEVEL = "-Onone";
			};
			name = Debug;
		};
		7B5038CD23A8CD5800F18840 /* Release */ = {
			isa = XCBuildConfiguration;
			buildSettings = {
				ALWAYS_SEARCH_USER_PATHS = NO;
				CLANG_ANALYZER_NONNULL = YES;
				CLANG_ANALYZER_NUMBER_OBJECT_CONVERSION = YES_AGGRESSIVE;
				CLANG_CXX_LANGUAGE_STANDARD = "gnu++14";
				CLANG_CXX_LIBRARY = "libc++";
				CLANG_ENABLE_MODULES = YES;
				CLANG_ENABLE_OBJC_ARC = YES;
				CLANG_ENABLE_OBJC_WEAK = YES;
				CLANG_WARN_BLOCK_CAPTURE_AUTORELEASING = YES;
				CLANG_WARN_BOOL_CONVERSION = YES;
				CLANG_WARN_COMMA = YES;
				CLANG_WARN_CONSTANT_CONVERSION = YES;
				CLANG_WARN_DEPRECATED_OBJC_IMPLEMENTATIONS = YES;
				CLANG_WARN_DIRECT_OBJC_ISA_USAGE = YES_ERROR;
				CLANG_WARN_DOCUMENTATION_COMMENTS = YES;
				CLANG_WARN_EMPTY_BODY = YES;
				CLANG_WARN_ENUM_CONVERSION = YES;
				CLANG_WARN_INFINITE_RECURSION = YES;
				CLANG_WARN_INT_CONVERSION = YES;
				CLANG_WARN_NON_LITERAL_NULL_CONVERSION = YES;
				CLANG_WARN_OBJC_IMPLICIT_RETAIN_SELF = YES;
				CLANG_WARN_OBJC_LITERAL_CONVERSION = YES;
				CLANG_WARN_OBJC_ROOT_CLASS = YES_ERROR;
				CLANG_WARN_RANGE_LOOP_ANALYSIS = YES;
				CLANG_WARN_STRICT_PROTOTYPES = YES;
				CLANG_WARN_SUSPICIOUS_MOVE = YES;
				CLANG_WARN_UNGUARDED_AVAILABILITY = YES_AGGRESSIVE;
				CLANG_WARN_UNREACHABLE_CODE = YES;
				CLANG_WARN__DUPLICATE_METHOD_MATCH = YES;
				COPY_PHASE_STRIP = NO;
				DEBUG_INFORMATION_FORMAT = "dwarf-with-dsym";
				ENABLE_NS_ASSERTIONS = NO;
				ENABLE_STRICT_OBJC_MSGSEND = YES;
				GCC_C_LANGUAGE_STANDARD = gnu11;
				GCC_NO_COMMON_BLOCKS = YES;
				GCC_WARN_64_TO_32_BIT_CONVERSION = YES;
				GCC_WARN_ABOUT_RETURN_TYPE = YES_ERROR;
				GCC_WARN_UNDECLARED_SELECTOR = YES;
				GCC_WARN_UNINITIALIZED_AUTOS = YES_AGGRESSIVE;
				GCC_WARN_UNUSED_FUNCTION = YES;
				GCC_WARN_UNUSED_VARIABLE = YES;
				IPHONEOS_DEPLOYMENT_TARGET = 13.2;
				MTL_ENABLE_DEBUG_INFO = NO;
				MTL_FAST_MATH = YES;
				SDKROOT = iphoneos;
				SWIFT_COMPILATION_MODE = wholemodule;
				SWIFT_OPTIMIZATION_LEVEL = "-O";
				VALIDATE_PRODUCT = YES;
			};
			name = Release;
		};
		7B5038CF23A8CD5800F18840 /* Debug */ = {
			isa = XCBuildConfiguration;
			buildSettings = {
				ASSETCATALOG_COMPILER_APPICON_NAME = AppIcon;
				CODE_SIGN_STYLE = Automatic;
				DEVELOPMENT_ASSET_PATHS = "\"Disaster Monitor/Preview Content\"";
				ENABLE_PREVIEWS = YES;
				INFOPLIST_FILE = "Disaster Monitor/Info.plist";
				LD_RUNPATH_SEARCH_PATHS = (
					"$(inherited)",
					"@executable_path/Frameworks",
				);
				PRODUCT_BUNDLE_IDENTIFIER = "Disaster-Monitor.Disaster-Monitor";
				PRODUCT_NAME = "$(TARGET_NAME)";
				SWIFT_VERSION = 5.0;
				TARGETED_DEVICE_FAMILY = "1,2";
			};
			name = Debug;
		};
		7B5038D023A8CD5800F18840 /* Release */ = {
			isa = XCBuildConfiguration;
			buildSettings = {
				ASSETCATALOG_COMPILER_APPICON_NAME = AppIcon;
				CODE_SIGN_STYLE = Automatic;
				DEVELOPMENT_ASSET_PATHS = "\"Disaster Monitor/Preview Content\"";
				ENABLE_PREVIEWS = YES;
				INFOPLIST_FILE = "Disaster Monitor/Info.plist";
				LD_RUNPATH_SEARCH_PATHS = (
					"$(inherited)",
					"@executable_path/Frameworks",
				);
				PRODUCT_BUNDLE_IDENTIFIER = "Disaster-Monitor.Disaster-Monitor";
				PRODUCT_NAME = "$(TARGET_NAME)";
				SWIFT_VERSION = 5.0;
				TARGETED_DEVICE_FAMILY = "1,2";
			};
			name = Release;
		};
		7B5038D223A8CD5800F18840 /* Debug */ = {
			isa = XCBuildConfiguration;
			buildSettings = {
				ALWAYS_EMBED_SWIFT_STANDARD_LIBRARIES = YES;
				BUNDLE_LOADER = "$(TEST_HOST)";
				CODE_SIGN_STYLE = Automatic;
				INFOPLIST_FILE = "Disaster MonitorTests/Info.plist";
				IPHONEOS_DEPLOYMENT_TARGET = 13.2;
				LD_RUNPATH_SEARCH_PATHS = (
					"$(inherited)",
					"@executable_path/Frameworks",
					"@loader_path/Frameworks",
				);
				PRODUCT_BUNDLE_IDENTIFIER = "Disaster-Monitor.Disaster-MonitorTests";
				PRODUCT_NAME = "$(TARGET_NAME)";
				SWIFT_VERSION = 5.0;
				TARGETED_DEVICE_FAMILY = "1,2";
				TEST_HOST = "$(BUILT_PRODUCTS_DIR)/Disaster Monitor.app/Disaster Monitor";
			};
			name = Debug;
		};
		7B5038D323A8CD5800F18840 /* Release */ = {
			isa = XCBuildConfiguration;
			buildSettings = {
				ALWAYS_EMBED_SWIFT_STANDARD_LIBRARIES = YES;
				BUNDLE_LOADER = "$(TEST_HOST)";
				CODE_SIGN_STYLE = Automatic;
				INFOPLIST_FILE = "Disaster MonitorTests/Info.plist";
				IPHONEOS_DEPLOYMENT_TARGET = 13.2;
				LD_RUNPATH_SEARCH_PATHS = (
					"$(inherited)",
					"@executable_path/Frameworks",
					"@loader_path/Frameworks",
				);
				PRODUCT_BUNDLE_IDENTIFIER = "Disaster-Monitor.Disaster-MonitorTests";
				PRODUCT_NAME = "$(TARGET_NAME)";
				SWIFT_VERSION = 5.0;
				TARGETED_DEVICE_FAMILY = "1,2";
				TEST_HOST = "$(BUILT_PRODUCTS_DIR)/Disaster Monitor.app/Disaster Monitor";
			};
			name = Release;
		};
		7B5038D523A8CD5800F18840 /* Debug */ = {
			isa = XCBuildConfiguration;
			buildSettings = {
				ALWAYS_EMBED_SWIFT_STANDARD_LIBRARIES = YES;
				CODE_SIGN_STYLE = Automatic;
				INFOPLIST_FILE = "Disaster MonitorUITests/Info.plist";
				LD_RUNPATH_SEARCH_PATHS = (
					"$(inherited)",
					"@executable_path/Frameworks",
					"@loader_path/Frameworks",
				);
				PRODUCT_BUNDLE_IDENTIFIER = "Disaster-Monitor.Disaster-MonitorUITests";
				PRODUCT_NAME = "$(TARGET_NAME)";
				SWIFT_VERSION = 5.0;
				TARGETED_DEVICE_FAMILY = "1,2";
				TEST_TARGET_NAME = "Disaster Monitor";
			};
			name = Debug;
		};
		7B5038D623A8CD5800F18840 /* Release */ = {
			isa = XCBuildConfiguration;
			buildSettings = {
				ALWAYS_EMBED_SWIFT_STANDARD_LIBRARIES = YES;
				CODE_SIGN_STYLE = Automatic;
				INFOPLIST_FILE = "Disaster MonitorUITests/Info.plist";
				LD_RUNPATH_SEARCH_PATHS = (
					"$(inherited)",
					"@executable_path/Frameworks",
					"@loader_path/Frameworks",
				);
				PRODUCT_BUNDLE_IDENTIFIER = "Disaster-Monitor.Disaster-MonitorUITests";
				PRODUCT_NAME = "$(TARGET_NAME)";
				SWIFT_VERSION = 5.0;
				TARGETED_DEVICE_FAMILY = "1,2";
				TEST_TARGET_NAME = "Disaster Monitor";
			};
			name = Release;
		};
/* End XCBuildConfiguration section */

/* Begin XCConfigurationList section */
		7B50389F23A8CD5700F18840 /* Build configuration list for PBXProject "Disaster Monitor" */ = {
			isa = XCConfigurationList;
			buildConfigurations = (
				7B5038CC23A8CD5800F18840 /* Debug */,
				7B5038CD23A8CD5800F18840 /* Release */,
			);
			defaultConfigurationIsVisible = 0;
			defaultConfigurationName = Release;
		};
		7B5038CE23A8CD5800F18840 /* Build configuration list for PBXNativeTarget "Disaster Monitor" */ = {
			isa = XCConfigurationList;
			buildConfigurations = (
				7B5038CF23A8CD5800F18840 /* Debug */,
				7B5038D023A8CD5800F18840 /* Release */,
			);
			defaultConfigurationIsVisible = 0;
			defaultConfigurationName = Release;
		};
		7B5038D123A8CD5800F18840 /* Build configuration list for PBXNativeTarget "Disaster MonitorTests" */ = {
			isa = XCConfigurationList;
			buildConfigurations = (
				7B5038D223A8CD5800F18840 /* Debug */,
				7B5038D323A8CD5800F18840 /* Release */,
			);
			defaultConfigurationIsVisible = 0;
			defaultConfigurationName = Release;
		};
		7B5038D423A8CD5800F18840 /* Build configuration list for PBXNativeTarget "Disaster MonitorUITests" */ = {
			isa = XCConfigurationList;
			buildConfigurations = (
				7B5038D523A8CD5800F18840 /* Debug */,
				7B5038D623A8CD5800F18840 /* Release */,
			);
			defaultConfigurationIsVisible = 0;
			defaultConfigurationName = Release;
		};
/* End XCConfigurationList section */
	};
	rootObject = 7B50389C23A8CD5700F18840 /* Project object */;
}
